// !$*UTF8*$!
{
	archiveVersion = 1;
	classes = {
	};
	objectVersion = 50;
	objects = {

/* Begin PBXBuildFile section */
		2C50606723F8905E0068F43B /* MessageDetailViewController.swift in Sources */ = {isa = PBXBuildFile; fileRef = 2C50606623F8905E0068F43B /* MessageDetailViewController.swift */; };
		2C6FB28623F5E0C700C062A3 /* AppDelegate.swift in Sources */ = {isa = PBXBuildFile; fileRef = 2C6FB28523F5E0C700C062A3 /* AppDelegate.swift */; };
		2C6FB28823F5E0C700C062A3 /* SceneDelegate.swift in Sources */ = {isa = PBXBuildFile; fileRef = 2C6FB28723F5E0C700C062A3 /* SceneDelegate.swift */; };
		2C6FB28A23F5E0C700C062A3 /* MessageListViewController.swift in Sources */ = {isa = PBXBuildFile; fileRef = 2C6FB28923F5E0C700C062A3 /* MessageListViewController.swift */; };
		2C6FB28D23F5E0C700C062A3 /* Main.storyboard in Resources */ = {isa = PBXBuildFile; fileRef = 2C6FB28B23F5E0C700C062A3 /* Main.storyboard */; };
		2C6FB28F23F5E0CA00C062A3 /* Assets.xcassets in Resources */ = {isa = PBXBuildFile; fileRef = 2C6FB28E23F5E0CA00C062A3 /* Assets.xcassets */; };
		2C6FB29223F5E0CA00C062A3 /* LaunchScreen.storyboard in Resources */ = {isa = PBXBuildFile; fileRef = 2C6FB29023F5E0CA00C062A3 /* LaunchScreen.storyboard */; };
		2CEEB8A423F81FC300ADF10E /* MessageTableViewCell.swift in Sources */ = {isa = PBXBuildFile; fileRef = 2CEEB8A323F81FC300ADF10E /* MessageTableViewCell.swift */; };
		2CEEB8A723F820CA00ADF10E /* ShadowedView.swift in Sources */ = {isa = PBXBuildFile; fileRef = 2CEEB8A623F820CA00ADF10E /* ShadowedView.swift */; };
		2CEEB8AA23F8283500ADF10E /* AppspotService.swift in Sources */ = {isa = PBXBuildFile; fileRef = 2CEEB8A923F8283500ADF10E /* AppspotService.swift */; };
		2CEEB8AD23F829BB00ADF10E /* AppspotAPI.swift in Sources */ = {isa = PBXBuildFile; fileRef = 2CEEB8AC23F829BB00ADF10E /* AppspotAPI.swift */; };
		2CEEB8B223F846DC00ADF10E /* Message.swift in Sources */ = {isa = PBXBuildFile; fileRef = 2CEEB8B123F846DC00ADF10E /* Message.swift */; };
		2CEEB8B423F846E800ADF10E /* Author.swift in Sources */ = {isa = PBXBuildFile; fileRef = 2CEEB8B323F846E800ADF10E /* Author.swift */; };
		2CEEB8B623F8471200ADF10E /* MessagesResponse.swift in Sources */ = {isa = PBXBuildFile; fileRef = 2CEEB8B523F8471100ADF10E /* MessagesResponse.swift */; };
		2CEEB8B823F857AE00ADF10E /* PageInformation.swift in Sources */ = {isa = PBXBuildFile; fileRef = 2CEEB8B723F857AE00ADF10E /* PageInformation.swift */; };
		2CEEB8BA23F87BF900ADF10E /* MessageListPresenter.swift in Sources */ = {isa = PBXBuildFile; fileRef = 2CEEB8B923F87BF900ADF10E /* MessageListPresenter.swift */; };
		2CEEB8BD23F8846600ADF10E /* UIImageView+dowload.swift in Sources */ = {isa = PBXBuildFile; fileRef = 2CEEB8BC23F8846600ADF10E /* UIImageView+dowload.swift */; };
		2CEEB8BF23F8883300ADF10E /* RoundedImageView.swift in Sources */ = {isa = PBXBuildFile; fileRef = 2CEEB8BE23F8883300ADF10E /* RoundedImageView.swift */; };
		2CF682AB23F95F9F00A396EB /* UIScrollView+Extensions.swift in Sources */ = {isa = PBXBuildFile; fileRef = 2CF682AA23F95F9F00A396EB /* UIScrollView+Extensions.swift */; };
/* End PBXBuildFile section */

/* Begin PBXFileReference section */
		2C50606623F8905E0068F43B /* MessageDetailViewController.swift */ = {isa = PBXFileReference; lastKnownFileType = sourcecode.swift; path = MessageDetailViewController.swift; sourceTree = "<group>"; };
		2C6FB28223F5E0C700C062A3 /* GoogleUXTest.app */ = {isa = PBXFileReference; explicitFileType = wrapper.application; includeInIndex = 0; path = GoogleUXTest.app; sourceTree = BUILT_PRODUCTS_DIR; };
		2C6FB28523F5E0C700C062A3 /* AppDelegate.swift */ = {isa = PBXFileReference; lastKnownFileType = sourcecode.swift; path = AppDelegate.swift; sourceTree = "<group>"; };
		2C6FB28723F5E0C700C062A3 /* SceneDelegate.swift */ = {isa = PBXFileReference; lastKnownFileType = sourcecode.swift; path = SceneDelegate.swift; sourceTree = "<group>"; };
		2C6FB28923F5E0C700C062A3 /* MessageListViewController.swift */ = {isa = PBXFileReference; lastKnownFileType = sourcecode.swift; path = MessageListViewController.swift; sourceTree = "<group>"; };
		2C6FB28C23F5E0C700C062A3 /* Base */ = {isa = PBXFileReference; lastKnownFileType = file.storyboard; name = Base; path = Base.lproj/Main.storyboard; sourceTree = "<group>"; };
		2C6FB28E23F5E0CA00C062A3 /* Assets.xcassets */ = {isa = PBXFileReference; lastKnownFileType = folder.assetcatalog; path = Assets.xcassets; sourceTree = "<group>"; };
		2C6FB29123F5E0CA00C062A3 /* Base */ = {isa = PBXFileReference; lastKnownFileType = file.storyboard; name = Base; path = Base.lproj/LaunchScreen.storyboard; sourceTree = "<group>"; };
		2C6FB29323F5E0CA00C062A3 /* Info.plist */ = {isa = PBXFileReference; lastKnownFileType = text.plist.xml; path = Info.plist; sourceTree = "<group>"; };
		2CEEB8A323F81FC300ADF10E /* MessageTableViewCell.swift */ = {isa = PBXFileReference; lastKnownFileType = sourcecode.swift; path = MessageTableViewCell.swift; sourceTree = "<group>"; };
		2CEEB8A623F820CA00ADF10E /* ShadowedView.swift */ = {isa = PBXFileReference; lastKnownFileType = sourcecode.swift; path = ShadowedView.swift; sourceTree = "<group>"; };
		2CEEB8A923F8283500ADF10E /* AppspotService.swift */ = {isa = PBXFileReference; lastKnownFileType = sourcecode.swift; path = AppspotService.swift; sourceTree = "<group>"; };
		2CEEB8AC23F829BB00ADF10E /* AppspotAPI.swift */ = {isa = PBXFileReference; lastKnownFileType = sourcecode.swift; path = AppspotAPI.swift; sourceTree = "<group>"; };
		2CEEB8B123F846DC00ADF10E /* Message.swift */ = {isa = PBXFileReference; lastKnownFileType = sourcecode.swift; path = Message.swift; sourceTree = "<group>"; };
		2CEEB8B323F846E800ADF10E /* Author.swift */ = {isa = PBXFileReference; lastKnownFileType = sourcecode.swift; path = Author.swift; sourceTree = "<group>"; };
		2CEEB8B523F8471100ADF10E /* MessagesResponse.swift */ = {isa = PBXFileReference; lastKnownFileType = sourcecode.swift; path = MessagesResponse.swift; sourceTree = "<group>"; };
		2CEEB8B723F857AE00ADF10E /* PageInformation.swift */ = {isa = PBXFileReference; lastKnownFileType = sourcecode.swift; path = PageInformation.swift; sourceTree = "<group>"; };
		2CEEB8B923F87BF900ADF10E /* MessageListPresenter.swift */ = {isa = PBXFileReference; lastKnownFileType = sourcecode.swift; path = MessageListPresenter.swift; sourceTree = "<group>"; };
		2CEEB8BC23F8846600ADF10E /* UIImageView+dowload.swift */ = {isa = PBXFileReference; lastKnownFileType = sourcecode.swift; path = "UIImageView+dowload.swift"; sourceTree = "<group>"; };
		2CEEB8BE23F8883300ADF10E /* RoundedImageView.swift */ = {isa = PBXFileReference; lastKnownFileType = sourcecode.swift; path = RoundedImageView.swift; sourceTree = "<group>"; };
		2CF682AA23F95F9F00A396EB /* UIScrollView+Extensions.swift */ = {isa = PBXFileReference; lastKnownFileType = sourcecode.swift; path = "UIScrollView+Extensions.swift"; sourceTree = "<group>"; };
/* End PBXFileReference section */

/* Begin PBXFrameworksBuildPhase section */
		2C6FB27F23F5E0C700C062A3 /* Frameworks */ = {
			isa = PBXFrameworksBuildPhase;
			buildActionMask = 2147483647;
			files = (
			);
			runOnlyForDeploymentPostprocessing = 0;
		};
/* End PBXFrameworksBuildPhase section */

/* Begin PBXGroup section */
		2C50606423F890170068F43B /* List */ = {
			isa = PBXGroup;
			children = (
				2C6FB28923F5E0C700C062A3 /* MessageListViewController.swift */,
				2CEEB8B923F87BF900ADF10E /* MessageListPresenter.swift */,
				2CEEB8A323F81FC300ADF10E /* MessageTableViewCell.swift */,
			);
			path = List;
			sourceTree = "<group>";
		};
		2C50606523F8901F0068F43B /* Detail */ = {
			isa = PBXGroup;
			children = (
				2C50606623F8905E0068F43B /* MessageDetailViewController.swift */,
			);
			path = Detail;
			sourceTree = "<group>";
		};
		2C6FB27923F5E0C700C062A3 = {
			isa = PBXGroup;
			children = (
				2C6FB28423F5E0C700C062A3 /* GoogleUXTest */,
				2C6FB28323F5E0C700C062A3 /* Products */,
			);
			sourceTree = "<group>";
		};
		2C6FB28323F5E0C700C062A3 /* Products */ = {
			isa = PBXGroup;
			children = (
				2C6FB28223F5E0C700C062A3 /* GoogleUXTest.app */,
			);
			name = Products;
			sourceTree = "<group>";
		};
		2C6FB28423F5E0C700C062A3 /* GoogleUXTest */ = {
			isa = PBXGroup;
			children = (
				2CEEB8A523F8204400ADF10E /* Common Views */,
				2CEEB8BB23F8844600ADF10E /* Helpers */,
				2C6FB28523F5E0C700C062A3 /* AppDelegate.swift */,
				2C6FB28723F5E0C700C062A3 /* SceneDelegate.swift */,
				2CF682A923F947EE00A396EB /* View */,
				2CEEB8A823F8263300ADF10E /* Network Layer */,
				2C6FB28B23F5E0C700C062A3 /* Main.storyboard */,
				2C6FB28E23F5E0CA00C062A3 /* Assets.xcassets */,
				2C6FB29023F5E0CA00C062A3 /* LaunchScreen.storyboard */,
				2C6FB29323F5E0CA00C062A3 /* Info.plist */,
			);
			path = GoogleUXTest;
			sourceTree = "<group>";
		};
		2CEEB8A523F8204400ADF10E /* Common Views */ = {
			isa = PBXGroup;
			children = (
				2CEEB8A623F820CA00ADF10E /* ShadowedView.swift */,
				2CEEB8BE23F8883300ADF10E /* RoundedImageView.swift */,
			);
			path = "Common Views";
			sourceTree = "<group>";
		};
		2CEEB8A823F8263300ADF10E /* Network Layer */ = {
			isa = PBXGroup;
			children = (
				2CEEB8A923F8283500ADF10E /* AppspotService.swift */,
				2CEEB8AC23F829BB00ADF10E /* AppspotAPI.swift */,
				2CEEB8B023F846D000ADF10E /* Models */,
			);
			path = "Network Layer";
			sourceTree = "<group>";
		};
		2CEEB8B023F846D000ADF10E /* Models */ = {
			isa = PBXGroup;
			children = (
				2CEEB8B123F846DC00ADF10E /* Message.swift */,
				2CEEB8B323F846E800ADF10E /* Author.swift */,
				2CEEB8B523F8471100ADF10E /* MessagesResponse.swift */,
				2CEEB8B723F857AE00ADF10E /* PageInformation.swift */,
			);
			path = Models;
			sourceTree = "<group>";
		};
		2CEEB8BB23F8844600ADF10E /* Helpers */ = {
			isa = PBXGroup;
			children = (
				2CEEB8BC23F8846600ADF10E /* UIImageView+dowload.swift */,
				2CF682AA23F95F9F00A396EB /* UIScrollView+Extensions.swift */,
			);
			path = Helpers;
			sourceTree = "<group>";
		};
		2CF682A923F947EE00A396EB /* View */ = {
			isa = PBXGroup;
			children = (
				2C50606423F890170068F43B /* List */,
				2C50606523F8901F0068F43B /* Detail */,
			);
			path = View;
			sourceTree = "<group>";
		};
/* End PBXGroup section */

/* Begin PBXNativeTarget section */
		2C6FB28123F5E0C700C062A3 /* GoogleUXTest */ = {
			isa = PBXNativeTarget;
			buildConfigurationList = 2C6FB29623F5E0CA00C062A3 /* Build configuration list for PBXNativeTarget "GoogleUXTest" */;
			buildPhases = (
				2C6FB27E23F5E0C700C062A3 /* Sources */,
				2C6FB27F23F5E0C700C062A3 /* Frameworks */,
				2C6FB28023F5E0C700C062A3 /* Resources */,
			);
			buildRules = (
			);
			dependencies = (
			);
			name = GoogleUXTest;
			productName = GoogleUXTest;
			productReference = 2C6FB28223F5E0C700C062A3 /* GoogleUXTest.app */;
			productType = "com.apple.product-type.application";
		};
/* End PBXNativeTarget section */

/* Begin PBXProject section */
		2C6FB27A23F5E0C700C062A3 /* Project object */ = {
			isa = PBXProject;
			attributes = {
				LastSwiftUpdateCheck = 1130;
				LastUpgradeCheck = 1130;
				ORGANIZATIONNAME = Tesco;
				TargetAttributes = {
					2C6FB28123F5E0C700C062A3 = {
						CreatedOnToolsVersion = 11.3;
					};
				};
			};
			buildConfigurationList = 2C6FB27D23F5E0C700C062A3 /* Build configuration list for PBXProject "GoogleUXTest" */;
			compatibilityVersion = "Xcode 9.3";
			developmentRegion = en;
			hasScannedForEncodings = 0;
			knownRegions = (
				en,
				Base,
			);
			mainGroup = 2C6FB27923F5E0C700C062A3;
			productRefGroup = 2C6FB28323F5E0C700C062A3 /* Products */;
			projectDirPath = "";
			projectRoot = "";
			targets = (
				2C6FB28123F5E0C700C062A3 /* GoogleUXTest */,
			);
		};
/* End PBXProject section */

/* Begin PBXResourcesBuildPhase section */
		2C6FB28023F5E0C700C062A3 /* Resources */ = {
			isa = PBXResourcesBuildPhase;
			buildActionMask = 2147483647;
			files = (
				2C6FB29223F5E0CA00C062A3 /* LaunchScreen.storyboard in Resources */,
				2C6FB28F23F5E0CA00C062A3 /* Assets.xcassets in Resources */,
				2C6FB28D23F5E0C700C062A3 /* Main.storyboard in Resources */,
			);
			runOnlyForDeploymentPostprocessing = 0;
		};
/* End PBXResourcesBuildPhase section */

/* Begin PBXSourcesBuildPhase section */
		2C6FB27E23F5E0C700C062A3 /* Sources */ = {
			isa = PBXSourcesBuildPhase;
			buildActionMask = 2147483647;
			files = (
				2C6FB28A23F5E0C700C062A3 /* MessageListViewController.swift in Sources */,
				2CEEB8BD23F8846600ADF10E /* UIImageView+dowload.swift in Sources */,
				2C50606723F8905E0068F43B /* MessageDetailViewController.swift in Sources */,
				2CEEB8A423F81FC300ADF10E /* MessageTableViewCell.swift in Sources */,
				2CEEB8B223F846DC00ADF10E /* Message.swift in Sources */,
				2CEEB8B423F846E800ADF10E /* Author.swift in Sources */,
				2C6FB28623F5E0C700C062A3 /* AppDelegate.swift in Sources */,
				2CEEB8BF23F8883300ADF10E /* RoundedImageView.swift in Sources */,
				2C6FB28823F5E0C700C062A3 /* SceneDelegate.swift in Sources */,
				2CEEB8A723F820CA00ADF10E /* ShadowedView.swift in Sources */,
				2CEEB8AD23F829BB00ADF10E /* AppspotAPI.swift in Sources */,
				2CF682AB23F95F9F00A396EB /* UIScrollView+Extensions.swift in Sources */,
				2CEEB8B823F857AE00ADF10E /* PageInformation.swift in Sources */,
				2CEEB8B623F8471200ADF10E /* MessagesResponse.swift in Sources */,
				2CEEB8BA23F87BF900ADF10E /* MessageListPresenter.swift in Sources */,
				2CEEB8AA23F8283500ADF10E /* AppspotService.swift in Sources */,
			);
			runOnlyForDeploymentPostprocessing = 0;
		};
/* End PBXSourcesBuildPhase section */

/* Begin PBXVariantGroup section */
		2C6FB28B23F5E0C700C062A3 /* Main.storyboard */ = {
			isa = PBXVariantGroup;
			children = (
				2C6FB28C23F5E0C700C062A3 /* Base */,
			);
			name = Main.storyboard;
			sourceTree = "<group>";
		};
		2C6FB29023F5E0CA00C062A3 /* LaunchScreen.storyboard */ = {
			isa = PBXVariantGroup;
			children = (
				2C6FB29123F5E0CA00C062A3 /* Base */,
			);
			name = LaunchScreen.storyboard;
			sourceTree = "<group>";
		};
/* End PBXVariantGroup section */

/* Begin XCBuildConfiguration section */
		2C6FB29423F5E0CA00C062A3 /* Debug */ = {
			isa = XCBuildConfiguration;
			buildSettings = {
				ALWAYS_SEARCH_USER_PATHS = NO;
				CLANG_ANALYZER_NONNULL = YES;
				CLANG_ANALYZER_NUMBER_OBJECT_CONVERSION = YES_AGGRESSIVE;
				CLANG_CXX_LANGUAGE_STANDARD = "gnu++14";
				CLANG_CXX_LIBRARY = "libc++";
				CLANG_ENABLE_MODULES = YES;
				CLANG_ENABLE_OBJC_ARC = YES;
				CLANG_ENABLE_OBJC_WEAK = YES;
				CLANG_WARN_BLOCK_CAPTURE_AUTORELEASING = YES;
				CLANG_WARN_BOOL_CONVERSION = YES;
				CLANG_WARN_COMMA = YES;
				CLANG_WARN_CONSTANT_CONVERSION = YES;
				CLANG_WARN_DEPRECATED_OBJC_IMPLEMENTATIONS = YES;
				CLANG_WARN_DIRECT_OBJC_ISA_USAGE = YES_ERROR;
				CLANG_WARN_DOCUMENTATION_COMMENTS = YES;
				CLANG_WARN_EMPTY_BODY = YES;
				CLANG_WARN_ENUM_CONVERSION = YES;
				CLANG_WARN_INFINITE_RECURSION = YES;
				CLANG_WARN_INT_CONVERSION = YES;
				CLANG_WARN_NON_LITERAL_NULL_CONVERSION = YES;
				CLANG_WARN_OBJC_IMPLICIT_RETAIN_SELF = YES;
				CLANG_WARN_OBJC_LITERAL_CONVERSION = YES;
				CLANG_WARN_OBJC_ROOT_CLASS = YES_ERROR;
				CLANG_WARN_RANGE_LOOP_ANALYSIS = YES;
				CLANG_WARN_STRICT_PROTOTYPES = YES;
				CLANG_WARN_SUSPICIOUS_MOVE = YES;
				CLANG_WARN_UNGUARDED_AVAILABILITY = YES_AGGRESSIVE;
				CLANG_WARN_UNREACHABLE_CODE = YES;
				CLANG_WARN__DUPLICATE_METHOD_MATCH = YES;
				COPY_PHASE_STRIP = NO;
				DEBUG_INFORMATION_FORMAT = dwarf;
				ENABLE_STRICT_OBJC_MSGSEND = YES;
				ENABLE_TESTABILITY = YES;
				GCC_C_LANGUAGE_STANDARD = gnu11;
				GCC_DYNAMIC_NO_PIC = NO;
				GCC_NO_COMMON_BLOCKS = YES;
				GCC_OPTIMIZATION_LEVEL = 0;
				GCC_PREPROCESSOR_DEFINITIONS = (
					"DEBUG=1",
					"$(inherited)",
				);
				GCC_WARN_64_TO_32_BIT_CONVERSION = YES;
				GCC_WARN_ABOUT_RETURN_TYPE = YES_ERROR;
				GCC_WARN_UNDECLARED_SELECTOR = YES;
				GCC_WARN_UNINITIALIZED_AUTOS = YES_AGGRESSIVE;
				GCC_WARN_UNUSED_FUNCTION = YES;
				GCC_WARN_UNUSED_VARIABLE = YES;
				IPHONEOS_DEPLOYMENT_TARGET = 13.2;
				MTL_ENABLE_DEBUG_INFO = INCLUDE_SOURCE;
				MTL_FAST_MATH = YES;
				ONLY_ACTIVE_ARCH = YES;
				SDKROOT = iphoneos;
				SWIFT_ACTIVE_COMPILATION_CONDITIONS = DEBUG;
				SWIFT_OPTIMIZATION_LEVEL = "-Onone";
			};
			name = Debug;
		};
		2C6FB29523F5E0CA00C062A3 /* Release */ = {
			isa = XCBuildConfiguration;
			buildSettings = {
				ALWAYS_SEARCH_USER_PATHS = NO;
				CLANG_ANALYZER_NONNULL = YES;
				CLANG_ANALYZER_NUMBER_OBJECT_CONVERSION = YES_AGGRESSIVE;
				CLANG_CXX_LANGUAGE_STANDARD = "gnu++14";
				CLANG_CXX_LIBRARY = "libc++";
				CLANG_ENABLE_MODULES = YES;
				CLANG_ENABLE_OBJC_ARC = YES;
				CLANG_ENABLE_OBJC_WEAK = YES;
				CLANG_WARN_BLOCK_CAPTURE_AUTORELEASING = YES;
				CLANG_WARN_BOOL_CONVERSION = YES;
				CLANG_WARN_COMMA = YES;
				CLANG_WARN_CONSTANT_CONVERSION = YES;
				CLANG_WARN_DEPRECATED_OBJC_IMPLEMENTATIONS = YES;
				CLANG_WARN_DIRECT_OBJC_ISA_USAGE = YES_ERROR;
				CLANG_WARN_DOCUMENTATION_COMMENTS = YES;
				CLANG_WARN_EMPTY_BODY = YES;
				CLANG_WARN_ENUM_CONVERSION = YES;
				CLANG_WARN_INFINITE_RECURSION = YES;
				CLANG_WARN_INT_CONVERSION = YES;
				CLANG_WARN_NON_LITERAL_NULL_CONVERSION = YES;
				CLANG_WARN_OBJC_IMPLICIT_RETAIN_SELF = YES;
				CLANG_WARN_OBJC_LITERAL_CONVERSION = YES;
				CLANG_WARN_OBJC_ROOT_CLASS = YES_ERROR;
				CLANG_WARN_RANGE_LOOP_ANALYSIS = YES;
				CLANG_WARN_STRICT_PROTOTYPES = YES;
				CLANG_WARN_SUSPICIOUS_MOVE = YES;
				CLANG_WARN_UNGUARDED_AVAILABILITY = YES_AGGRESSIVE;
				CLANG_WARN_UNREACHABLE_CODE = YES;
				CLANG_WARN__DUPLICATE_METHOD_MATCH = YES;
				COPY_PHASE_STRIP = NO;
				DEBUG_INFORMATION_FORMAT = "dwarf-with-dsym";
				ENABLE_NS_ASSERTIONS = NO;
				ENABLE_STRICT_OBJC_MSGSEND = YES;
				GCC_C_LANGUAGE_STANDARD = gnu11;
				GCC_NO_COMMON_BLOCKS = YES;
				GCC_WARN_64_TO_32_BIT_CONVERSION = YES;
				GCC_WARN_ABOUT_RETURN_TYPE = YES_ERROR;
				GCC_WARN_UNDECLARED_SELECTOR = YES;
				GCC_WARN_UNINITIALIZED_AUTOS = YES_AGGRESSIVE;
				GCC_WARN_UNUSED_FUNCTION = YES;
				GCC_WARN_UNUSED_VARIABLE = YES;
				IPHONEOS_DEPLOYMENT_TARGET = 13.2;
				MTL_ENABLE_DEBUG_INFO = NO;
				MTL_FAST_MATH = YES;
				SDKROOT = iphoneos;
				SWIFT_COMPILATION_MODE = wholemodule;
				SWIFT_OPTIMIZATION_LEVEL = "-O";
				VALIDATE_PRODUCT = YES;
			};
			name = Release;
		};
		2C6FB29723F5E0CA00C062A3 /* Debug */ = {
			isa = XCBuildConfiguration;
			buildSettings = {
				ASSETCATALOG_COMPILER_APPICON_NAME = AppIcon;
				CODE_SIGN_STYLE = Automatic;
				INFOPLIST_FILE = GoogleUXTest/Info.plist;
				LD_RUNPATH_SEARCH_PATHS = (
					"$(inherited)",
					"@executable_path/Frameworks",
				);
				PRODUCT_BUNDLE_IDENTIFIER = com.jagadeesh.GoogleUXTest;
				PRODUCT_NAME = "$(TARGET_NAME)";
				SWIFT_VERSION = 5.0;
				TARGETED_DEVICE_FAMILY = "1,2";
			};
			name = Debug;
		};
		2C6FB29823F5E0CA00C062A3 /* Release */ = {
			isa = XCBuildConfiguration;
			buildSettings = {
				ASSETCATALOG_COMPILER_APPICON_NAME = AppIcon;
				CODE_SIGN_STYLE = Automatic;
				INFOPLIST_FILE = GoogleUXTest/Info.plist;
				LD_RUNPATH_SEARCH_PATHS = (
					"$(inherited)",
					"@executable_path/Frameworks",
				);
				PRODUCT_BUNDLE_IDENTIFIER = com.jagadeesh.GoogleUXTest;
				PRODUCT_NAME = "$(TARGET_NAME)";
				SWIFT_VERSION = 5.0;
				TARGETED_DEVICE_FAMILY = "1,2";
			};
			name = Release;
		};
/* End XCBuildConfiguration section */

/* Begin XCConfigurationList section */
		2C6FB27D23F5E0C700C062A3 /* Build configuration list for PBXProject "GoogleUXTest" */ = {
			isa = XCConfigurationList;
			buildConfigurations = (
				2C6FB29423F5E0CA00C062A3 /* Debug */,
				2C6FB29523F5E0CA00C062A3 /* Release */,
			);
			defaultConfigurationIsVisible = 0;
			defaultConfigurationName = Release;
		};
		2C6FB29623F5E0CA00C062A3 /* Build configuration list for PBXNativeTarget "GoogleUXTest" */ = {
			isa = XCConfigurationList;
			buildConfigurations = (
				2C6FB29723F5E0CA00C062A3 /* Debug */,
				2C6FB29823F5E0CA00C062A3 /* Release */,
			);
			defaultConfigurationIsVisible = 0;
			defaultConfigurationName = Release;
		};
/* End XCConfigurationList section */
	};
	rootObject = 2C6FB27A23F5E0C700C062A3 /* Project object */;
}
